{
    "_meta": {
        "hash": {
            "sha256": "809c9dbb7f8c85176c633519a2eb6b57ca93e2299c2a80e83d452a8ed66fe5e9"
        },
        "pipfile-spec": 6,
        "requires": {
            "python_version": "3.10"
        },
        "sources": [
            {
                "name": "pypi",
                "url": "https://pypi.org/simple",
                "verify_ssl": true
            }
        ]
    },
    "default": {},
    "develop": {}
}
